
Microsoft Visual Studio Solution File, Format Version 12.00
# Visual Studio Version 17
VisualStudioVersion = 17.6.33829.357
MinimumVisualStudioVersion = 10.0.40219.1
Project("{9A19103F-16F7-4668-BE54-9A1E7A4F7556}") = "SalesApp.AppServices", "SalesApp.AppServices\SalesApp.AppServices.csproj", "{8FCD0CEA-98D6-46F6-B4EE-29771234F0A0}"
EndProject
Project("{9A19103F-16F7-4668-BE54-9A1E7A4F7556}") = "SalesApp.Infraestructure", "SalesApp.Infraestructure\SalesApp.Infraestructure.csproj", "{9E3B99F4-D989-40C1-A66B-C7AC8CDBA99F}"
EndProject
Project("{9A19103F-16F7-4668-BE54-9A1E7A4F7556}") = "SalesApp.Domain", "SalesApp.Domain\SalesApp.Domain.csproj", "{FB9215A8-E66A-4098-8D52-6AC19AFE17E9}"
EndProject
Global
	GlobalSection(SolutionConfigurationPlatforms) = preSolution
		Debug|Any CPU = Debug|Any CPU
		Release|Any CPU = Release|Any CPU
	EndGlobalSection
	GlobalSection(ProjectConfigurationPlatforms) = postSolution
		{8FCD0CEA-98D6-46F6-B4EE-29771234F0A0}.Debug|Any CPU.ActiveCfg = Debug|Any CPU
		{8FCD0CEA-98D6-46F6-B4EE-29771234F0A0}.Debug|Any CPU.Build.0 = Debug|Any CPU
		{8FCD0CEA-98D6-46F6-B4EE-29771234F0A0}.Release|Any CPU.ActiveCfg = Release|Any CPU
		{8FCD0CEA-98D6-46F6-B4EE-29771234F0A0}.Release|Any CPU.Build.0 = Release|Any CPU
		{9E3B99F4-D989-40C1-A66B-C7AC8CDBA99F}.Debug|Any CPU.ActiveCfg = Debug|Any CPU
		{9E3B99F4-D989-40C1-A66B-C7AC8CDBA99F}.Debug|Any CPU.Build.0 = Debug|Any CPU
		{9E3B99F4-D989-40C1-A66B-C7AC8CDBA99F}.Release|Any CPU.ActiveCfg = Release|Any CPU
		{9E3B99F4-D989-40C1-A66B-C7AC8CDBA99F}.Release|Any CPU.Build.0 = Release|Any CPU
		{FB9215A8-E66A-4098-8D52-6AC19AFE17E9}.Debug|Any CPU.ActiveCfg = Debug|Any CPU
		{FB9215A8-E66A-4098-8D52-6AC19AFE17E9}.Debug|Any CPU.Build.0 = Debug|Any CPU
		{FB9215A8-E66A-4098-8D52-6AC19AFE17E9}.Release|Any CPU.ActiveCfg = Release|Any CPU
		{FB9215A8-E66A-4098-8D52-6AC19AFE17E9}.Release|Any CPU.Build.0 = Release|Any CPU
	EndGlobalSection
	GlobalSection(SolutionProperties) = preSolution
		HideSolutionNode = FALSE
	EndGlobalSection
	GlobalSection(ExtensibilityGlobals) = postSolution
		SolutionGuid = {92DD298A-DA05-44E8-9457-F188AAA4046C}
	EndGlobalSection
EndGlobal
